
Microsoft Visual Studio Solution File, Format Version 12.00
# Visual Studio Version 17
VisualStudioVersion = 17.13.35825.156 d17.13
MinimumVisualStudioVersion = 10.0.40219.1
Project("{FAE04EC0-301F-11D3-BF4B-00C04F79EFBC}") = "Money Management", "Money Management\Money Management.csproj", "{E1CC88B2-3C4A-44D7-B96C-0A8E93F71EFA}"
EndProject
Global
	GlobalSection(SolutionConfigurationPlatforms) = preSolution
		Debug|Any CPU = Debug|Any CPU
		Release|Any CPU = Release|Any CPU
	EndGlobalSection
	GlobalSection(ProjectConfigurationPlatforms) = postSolution
		{E1CC88B2-3C4A-44D7-B96C-0A8E93F71EFA}.Debug|Any CPU.ActiveCfg = Debug|Any CPU
		{E1CC88B2-3C4A-44D7-B96C-0A8E93F71EFA}.Debug|Any CPU.Build.0 = Debug|Any CPU
		{E1CC88B2-3C4A-44D7-B96C-0A8E93F71EFA}.Release|Any CPU.ActiveCfg = Release|Any CPU
		{E1CC88B2-3C4A-44D7-B96C-0A8E93F71EFA}.Release|Any CPU.Build.0 = Release|Any CPU
	EndGlobalSection
	GlobalSection(SolutionProperties) = preSolution
		HideSolutionNode = FALSE
	EndGlobalSection
	GlobalSection(ExtensibilityGlobals) = postSolution
		SolutionGuid = {143A43B5-72BA-4229-A1F8-5D6FB180A38D}
	EndGlobalSection
EndGlobal
